
Microsoft Visual Studio Solution File, Format Version 12.00
# Visual Studio Version 16
VisualStudioVersion = 16.0.30717.126
MinimumVisualStudioVersion = 10.0.40219.1
Project("{8BC9CEB8-8B4A-11D0-8D11-00A0C91BC942}") = "UFDPaster", "UFDPaster\UFDPaster.vcxproj", "{A2958A51-4AAC-4F62-8EEA-6C1838F95EF7}"
EndProject
Global
	GlobalSection(SolutionConfigurationPlatforms) = preSolution
		Debug|x64 = Debug|x64
		Debug|x86 = Debug|x86
		Release|x64 = Release|x64
		Release|x86 = Release|x86
	EndGlobalSection
	GlobalSection(ProjectConfigurationPlatforms) = postSolution
		{A2958A51-4AAC-4F62-8EEA-6C1838F95EF7}.Debug|x64.ActiveCfg = Debug|x64
		{A2958A51-4AAC-4F62-8EEA-6C1838F95EF7}.Debug|x64.Build.0 = Debug|x64
		{A2958A51-4AAC-4F62-8EEA-6C1838F95EF7}.Debug|x86.ActiveCfg = Debug|Win32
		{A2958A51-4AAC-4F62-8EEA-6C1838F95EF7}.Debug|x86.Build.0 = Debug|Win32
		{A2958A51-4AAC-4F62-8EEA-6C1838F95EF7}.Release|x64.ActiveCfg = Release|x64
		{A2958A51-4AAC-4F62-8EEA-6C1838F95EF7}.Release|x64.Build.0 = Release|x64
		{A2958A51-4AAC-4F62-8EEA-6C1838F95EF7}.Release|x86.ActiveCfg = Release|Win32
		{A2958A51-4AAC-4F62-8EEA-6C1838F95EF7}.Release|x86.Build.0 = Release|Win32
	EndGlobalSection
	GlobalSection(SolutionProperties) = preSolution
		HideSolutionNode = FALSE
	EndGlobalSection
	GlobalSection(ExtensibilityGlobals) = postSolution
		SolutionGuid = {0AC4D4F8-49DB-4E3D-A058-6FD72F784F46}
	EndGlobalSection
EndGlobal
